hash: 60fbe9d856d471563528341bc6e90588d2308b7689648a65736147fe7a159f80
updated: 2018-01-30T11:40:47.632476749-05:00
imports:
- name: github.com/kisielk/gotool
  version: d6ce6262d87e3a4e153e86023ff56ae771554a41
  subpackages:
  - internal/load
- name: golang.org/x/tools
  version: 25101aadb97aa42907eee6a238d6d26a6cb3c756
  subpackages:
  - go/ast/astutil
  - go/buildutil
  - go/loader
testImports: []
